
Microsoft Visual Studio Solution File, Format Version 12.00
# Visual Studio 15
VisualStudioVersion = 15.0.27130.2024
MinimumVisualStudioVersion = 10.0.40219.1
Project("{FAE04EC0-301F-11D3-BF4B-00C04F79EFBC}") = "01. Reverse Numbers", "01. Reverse Numbers\01. Reverse Numbers.csproj", "{1DA3545C-C194-48B1-8347-9D898625F04C}"
EndProject
Project("{FAE04EC0-301F-11D3-BF4B-00C04F79EFBC}") = "02. Basic Stack Operations", "02. Basic Stack Operations\02. Basic Stack Operations.csproj", "{F36153BA-AD06-4C30-A032-0FA399D189B6}"
EndProject
Project("{FAE04EC0-301F-11D3-BF4B-00C04F79EFBC}") = "03. Maximum Element", "03. Maximum Element\03. Maximum Element.csproj", "{34D45FFE-5382-470A-9917-E13766206F0D}"
EndProject
Project("{FAE04EC0-301F-11D3-BF4B-00C04F79EFBC}") = "04. Basic Queue Operations", "04. Basic Queue Operations\04. Basic Queue Operations.csproj", "{DD7803D6-EECF-4A15-A76C-C84F10F7719B}"
EndProject
Project("{FAE04EC0-301F-11D3-BF4B-00C04F79EFBC}") = "05. Sequence With Queue", "05. Sequence With Queue\05. Sequence With Queue.csproj", "{0A714C08-4FCC-4CE1-8BF1-59AB0A34271D}"
EndProject
Project("{FAE04EC0-301F-11D3-BF4B-00C04F79EFBC}") = "06. Truck Tour", "06. Truck Tour\06. Truck Tour.csproj", "{CBBF8B9E-46FA-4B80-A39F-87145656F5A9}"
EndProject
Project("{FAE04EC0-301F-11D3-BF4B-00C04F79EFBC}") = "07. Balanced Parenthesis", "07. Balanced Parenthesis\07. Balanced Parenthesis.csproj", "{E6144B7A-BA2D-4F15-B21C-5B354899A28C}"
EndProject
Project("{FAE04EC0-301F-11D3-BF4B-00C04F79EFBC}") = "08. Recursive Fibonacci", "08. Recursive Fibonacci\08. Recursive Fibonacci.csproj", "{C57C5DD0-ABC5-4350-88EF-61B2DE72F446}"
EndProject
Project("{FAE04EC0-301F-11D3-BF4B-00C04F79EFBC}") = "09. Stack Fibonacci", "09. Stack Fibonacci\09. Stack Fibonacci.csproj", "{D2BD78E1-CF4B-49BE-80E0-FF651AEB8FF9}"
EndProject
Project("{FAE04EC0-301F-11D3-BF4B-00C04F79EFBC}") = "10. Simple Text Editor", "10. Simple Text Editor\10. Simple Text Editor.csproj", "{F259E154-C834-4FBC-B5FA-DEEC61EB7F14}"
EndProject
Project("{FAE04EC0-301F-11D3-BF4B-00C04F79EFBC}") = "11.Poisonous Plants", "11.Poisonous Plants\11.Poisonous Plants.csproj", "{407DD8FE-9EA5-4F7A-98F8-9FBBCAFADEA4}"
EndProject
Global
	GlobalSection(SolutionConfigurationPlatforms) = preSolution
		Debug|Any CPU = Debug|Any CPU
		Release|Any CPU = Release|Any CPU
	EndGlobalSection
	GlobalSection(ProjectConfigurationPlatforms) = postSolution
		{1DA3545C-C194-48B1-8347-9D898625F04C}.Debug|Any CPU.ActiveCfg = Debug|Any CPU
		{1DA3545C-C194-48B1-8347-9D898625F04C}.Debug|Any CPU.Build.0 = Debug|Any CPU
		{1DA3545C-C194-48B1-8347-9D898625F04C}.Release|Any CPU.ActiveCfg = Release|Any CPU
		{1DA3545C-C194-48B1-8347-9D898625F04C}.Release|Any CPU.Build.0 = Release|Any CPU
		{F36153BA-AD06-4C30-A032-0FA399D189B6}.Debug|Any CPU.ActiveCfg = Debug|Any CPU
		{F36153BA-AD06-4C30-A032-0FA399D189B6}.Debug|Any CPU.Build.0 = Debug|Any CPU
		{F36153BA-AD06-4C30-A032-0FA399D189B6}.Release|Any CPU.ActiveCfg = Release|Any CPU
		{F36153BA-AD06-4C30-A032-0FA399D189B6}.Release|Any CPU.Build.0 = Release|Any CPU
		{34D45FFE-5382-470A-9917-E13766206F0D}.Debug|Any CPU.ActiveCfg = Debug|Any CPU
		{34D45FFE-5382-470A-9917-E13766206F0D}.Debug|Any CPU.Build.0 = Debug|Any CPU
		{34D45FFE-5382-470A-9917-E13766206F0D}.Release|Any CPU.ActiveCfg = Release|Any CPU
		{34D45FFE-5382-470A-9917-E13766206F0D}.Release|Any CPU.Build.0 = Release|Any CPU
		{DD7803D6-EECF-4A15-A76C-C84F10F7719B}.Debug|Any CPU.ActiveCfg = Debug|Any CPU
		{DD7803D6-EECF-4A15-A76C-C84F10F7719B}.Debug|Any CPU.Build.0 = Debug|Any CPU
		{DD7803D6-EECF-4A15-A76C-C84F10F7719B}.Release|Any CPU.ActiveCfg = Release|Any CPU
		{DD7803D6-EECF-4A15-A76C-C84F10F7719B}.Release|Any CPU.Build.0 = Release|Any CPU
		{0A714C08-4FCC-4CE1-8BF1-59AB0A34271D}.Debug|Any CPU.ActiveCfg = Debug|Any CPU
		{0A714C08-4FCC-4CE1-8BF1-59AB0A34271D}.Debug|Any CPU.Build.0 = Debug|Any CPU
		{0A714C08-4FCC-4CE1-8BF1-59AB0A34271D}.Release|Any CPU.ActiveCfg = Release|Any CPU
		{0A714C08-4FCC-4CE1-8BF1-59AB0A34271D}.Release|Any CPU.Build.0 = Release|Any CPU
		{CBBF8B9E-46FA-4B80-A39F-87145656F5A9}.Debug|Any CPU.ActiveCfg = Debug|Any CPU
		{CBBF8B9E-46FA-4B80-A39F-87145656F5A9}.Debug|Any CPU.Build.0 = Debug|Any CPU
		{CBBF8B9E-46FA-4B80-A39F-87145656F5A9}.Release|Any CPU.ActiveCfg = Release|Any CPU
		{CBBF8B9E-46FA-4B80-A39F-87145656F5A9}.Release|Any CPU.Build.0 = Release|Any CPU
		{E6144B7A-BA2D-4F15-B21C-5B354899A28C}.Debug|Any CPU.ActiveCfg = Debug|Any CPU
		{E6144B7A-BA2D-4F15-B21C-5B354899A28C}.Debug|Any CPU.Build.0 = Debug|Any CPU
		{E6144B7A-BA2D-4F15-B21C-5B354899A28C}.Release|Any CPU.ActiveCfg = Release|Any CPU
		{E6144B7A-BA2D-4F15-B21C-5B354899A28C}.Release|Any CPU.Build.0 = Release|Any CPU
		{C57C5DD0-ABC5-4350-88EF-61B2DE72F446}.Debug|Any CPU.ActiveCfg = Debug|Any CPU
		{C57C5DD0-ABC5-4350-88EF-61B2DE72F446}.Debug|Any CPU.Build.0 = Debug|Any CPU
		{C57C5DD0-ABC5-4350-88EF-61B2DE72F446}.Release|Any CPU.ActiveCfg = Release|Any CPU
		{C57C5DD0-ABC5-4350-88EF-61B2DE72F446}.Release|Any CPU.Build.0 = Release|Any CPU
		{D2BD78E1-CF4B-49BE-80E0-FF651AEB8FF9}.Debug|Any CPU.ActiveCfg = Debug|Any CPU
		{D2BD78E1-CF4B-49BE-80E0-FF651AEB8FF9}.Debug|Any CPU.Build.0 = Debug|Any CPU
		{D2BD78E1-CF4B-49BE-80E0-FF651AEB8FF9}.Release|Any CPU.ActiveCfg = Release|Any CPU
		{D2BD78E1-CF4B-49BE-80E0-FF651AEB8FF9}.Release|Any CPU.Build.0 = Release|Any CPU
		{F259E154-C834-4FBC-B5FA-DEEC61EB7F14}.Debug|Any CPU.ActiveCfg = Debug|Any CPU
		{F259E154-C834-4FBC-B5FA-DEEC61EB7F14}.Debug|Any CPU.Build.0 = Debug|Any CPU
		{F259E154-C834-4FBC-B5FA-DEEC61EB7F14}.Release|Any CPU.ActiveCfg = Release|Any CPU
		{F259E154-C834-4FBC-B5FA-DEEC61EB7F14}.Release|Any CPU.Build.0 = Release|Any CPU
		{407DD8FE-9EA5-4F7A-98F8-9FBBCAFADEA4}.Debug|Any CPU.ActiveCfg = Debug|Any CPU
		{407DD8FE-9EA5-4F7A-98F8-9FBBCAFADEA4}.Debug|Any CPU.Build.0 = Debug|Any CPU
		{407DD8FE-9EA5-4F7A-98F8-9FBBCAFADEA4}.Release|Any CPU.ActiveCfg = Release|Any CPU
		{407DD8FE-9EA5-4F7A-98F8-9FBBCAFADEA4}.Release|Any CPU.Build.0 = Release|Any CPU
	EndGlobalSection
	GlobalSection(SolutionProperties) = preSolution
		HideSolutionNode = FALSE
	EndGlobalSection
	GlobalSection(ExtensibilityGlobals) = postSolution
		SolutionGuid = {90DD09B6-EB4B-4C4E-9770-119A7B529F60}
	EndGlobalSection
EndGlobal
