
Microsoft Visual Studio Solution File, Format Version 12.00
# Visual Studio 15
VisualStudioVersion = 15.0.27428.2027
MinimumVisualStudioVersion = 10.0.40219.1
Project("{9A19103F-16F7-4668-BE54-9A1E7A4F7556}") = "DataBase", "DataBase\DataBase.csproj", "{C5DDA9B4-A69A-420B-85B0-4FF940C987E9}"
EndProject
Project("{9A19103F-16F7-4668-BE54-9A1E7A4F7556}") = "Database.Tests", "Database.Tests\Database.Tests.csproj", "{4A6E2D0D-37FC-4E6F-B070-64B9CF3C7188}"
EndProject
Project("{9A19103F-16F7-4668-BE54-9A1E7A4F7556}") = "IteratorTest", "IteratorTest\IteratorTest.csproj", "{EEE3AB0A-4784-495F-B618-6496793A2AB0}"
EndProject
Project("{9A19103F-16F7-4668-BE54-9A1E7A4F7556}") = "IteratorTests", "IteratorTests\IteratorTests.csproj", "{C6AB40FD-1B81-4864-B81B-9210AC22F775}"
EndProject
Project("{9A19103F-16F7-4668-BE54-9A1E7A4F7556}") = "BubbleSort", "BuubleSort\BubbleSort.csproj", "{8C9A5BD4-597A-4C22-8321-DF12FB37B36D}"
EndProject
Project("{9A19103F-16F7-4668-BE54-9A1E7A4F7556}") = "BubbleSortTests", "BubbleSortTests\BubbleSortTests.csproj", "{594D3C6D-DBB1-4B95-9172-85531940F34B}"
EndProject
Global
	GlobalSection(SolutionConfigurationPlatforms) = preSolution
		Debug|Any CPU = Debug|Any CPU
		Release|Any CPU = Release|Any CPU
	EndGlobalSection
	GlobalSection(ProjectConfigurationPlatforms) = postSolution
		{C5DDA9B4-A69A-420B-85B0-4FF940C987E9}.Debug|Any CPU.ActiveCfg = Debug|Any CPU
		{C5DDA9B4-A69A-420B-85B0-4FF940C987E9}.Debug|Any CPU.Build.0 = Debug|Any CPU
		{C5DDA9B4-A69A-420B-85B0-4FF940C987E9}.Release|Any CPU.ActiveCfg = Release|Any CPU
		{C5DDA9B4-A69A-420B-85B0-4FF940C987E9}.Release|Any CPU.Build.0 = Release|Any CPU
		{4A6E2D0D-37FC-4E6F-B070-64B9CF3C7188}.Debug|Any CPU.ActiveCfg = Debug|Any CPU
		{4A6E2D0D-37FC-4E6F-B070-64B9CF3C7188}.Debug|Any CPU.Build.0 = Debug|Any CPU
		{4A6E2D0D-37FC-4E6F-B070-64B9CF3C7188}.Release|Any CPU.ActiveCfg = Release|Any CPU
		{4A6E2D0D-37FC-4E6F-B070-64B9CF3C7188}.Release|Any CPU.Build.0 = Release|Any CPU
		{EEE3AB0A-4784-495F-B618-6496793A2AB0}.Debug|Any CPU.ActiveCfg = Debug|Any CPU
		{EEE3AB0A-4784-495F-B618-6496793A2AB0}.Debug|Any CPU.Build.0 = Debug|Any CPU
		{EEE3AB0A-4784-495F-B618-6496793A2AB0}.Release|Any CPU.ActiveCfg = Release|Any CPU
		{EEE3AB0A-4784-495F-B618-6496793A2AB0}.Release|Any CPU.Build.0 = Release|Any CPU
		{C6AB40FD-1B81-4864-B81B-9210AC22F775}.Debug|Any CPU.ActiveCfg = Debug|Any CPU
		{C6AB40FD-1B81-4864-B81B-9210AC22F775}.Debug|Any CPU.Build.0 = Debug|Any CPU
		{C6AB40FD-1B81-4864-B81B-9210AC22F775}.Release|Any CPU.ActiveCfg = Release|Any CPU
		{C6AB40FD-1B81-4864-B81B-9210AC22F775}.Release|Any CPU.Build.0 = Release|Any CPU
		{8C9A5BD4-597A-4C22-8321-DF12FB37B36D}.Debug|Any CPU.ActiveCfg = Debug|Any CPU
		{8C9A5BD4-597A-4C22-8321-DF12FB37B36D}.Debug|Any CPU.Build.0 = Debug|Any CPU
		{8C9A5BD4-597A-4C22-8321-DF12FB37B36D}.Release|Any CPU.ActiveCfg = Release|Any CPU
		{8C9A5BD4-597A-4C22-8321-DF12FB37B36D}.Release|Any CPU.Build.0 = Release|Any CPU
		{594D3C6D-DBB1-4B95-9172-85531940F34B}.Debug|Any CPU.ActiveCfg = Debug|Any CPU
		{594D3C6D-DBB1-4B95-9172-85531940F34B}.Debug|Any CPU.Build.0 = Debug|Any CPU
		{594D3C6D-DBB1-4B95-9172-85531940F34B}.Release|Any CPU.ActiveCfg = Release|Any CPU
		{594D3C6D-DBB1-4B95-9172-85531940F34B}.Release|Any CPU.Build.0 = Release|Any CPU
	EndGlobalSection
	GlobalSection(SolutionProperties) = preSolution
		HideSolutionNode = FALSE
	EndGlobalSection
	GlobalSection(ExtensibilityGlobals) = postSolution
		SolutionGuid = {1412F232-A1EC-449A-A45F-919DAD35DD08}
	EndGlobalSection
EndGlobal
