
Microsoft Visual Studio Solution File, Format Version 12.00
# Visual Studio 15
VisualStudioVersion = 15.0.27130.2026
MinimumVisualStudioVersion = 10.0.40219.1
Project("{FAE04EC0-301F-11D3-BF4B-00C04F79EFBC}") = "01.RhombusOfStars", "01.RhombusOfStars\01.RhombusOfStars.csproj", "{11EE7A36-C053-43D0-8971-77D58B8DAED8}"
EndProject
Project("{FAE04EC0-301F-11D3-BF4B-00C04F79EFBC}") = "02.PointInRectangle", "02.PointInRectangle\02.PointInRectangle.csproj", "{0F23B2FA-6498-437D-BCF9-EA6C4E3F14E1}"
EndProject
Project("{FAE04EC0-301F-11D3-BF4B-00C04F79EFBC}") = "04.HotelReservation", "04.HotelReservation\04.HotelReservation.csproj", "{6EB45B9A-6EE9-475C-8024-6E5E1E007297}"
EndProject
Global
	GlobalSection(SolutionConfigurationPlatforms) = preSolution
		Debug|Any CPU = Debug|Any CPU
		Release|Any CPU = Release|Any CPU
	EndGlobalSection
	GlobalSection(ProjectConfigurationPlatforms) = postSolution
		{11EE7A36-C053-43D0-8971-77D58B8DAED8}.Debug|Any CPU.ActiveCfg = Debug|Any CPU
		{11EE7A36-C053-43D0-8971-77D58B8DAED8}.Debug|Any CPU.Build.0 = Debug|Any CPU
		{11EE7A36-C053-43D0-8971-77D58B8DAED8}.Release|Any CPU.ActiveCfg = Release|Any CPU
		{11EE7A36-C053-43D0-8971-77D58B8DAED8}.Release|Any CPU.Build.0 = Release|Any CPU
		{0F23B2FA-6498-437D-BCF9-EA6C4E3F14E1}.Debug|Any CPU.ActiveCfg = Debug|Any CPU
		{0F23B2FA-6498-437D-BCF9-EA6C4E3F14E1}.Debug|Any CPU.Build.0 = Debug|Any CPU
		{0F23B2FA-6498-437D-BCF9-EA6C4E3F14E1}.Release|Any CPU.ActiveCfg = Release|Any CPU
		{0F23B2FA-6498-437D-BCF9-EA6C4E3F14E1}.Release|Any CPU.Build.0 = Release|Any CPU
		{6EB45B9A-6EE9-475C-8024-6E5E1E007297}.Debug|Any CPU.ActiveCfg = Debug|Any CPU
		{6EB45B9A-6EE9-475C-8024-6E5E1E007297}.Debug|Any CPU.Build.0 = Debug|Any CPU
		{6EB45B9A-6EE9-475C-8024-6E5E1E007297}.Release|Any CPU.ActiveCfg = Release|Any CPU
		{6EB45B9A-6EE9-475C-8024-6E5E1E007297}.Release|Any CPU.Build.0 = Release|Any CPU
	EndGlobalSection
	GlobalSection(SolutionProperties) = preSolution
		HideSolutionNode = FALSE
	EndGlobalSection
	GlobalSection(ExtensibilityGlobals) = postSolution
		SolutionGuid = {F9C83F83-EAD1-4EC4-941A-C7927103CCED}
	EndGlobalSection
EndGlobal
